{
  "object": {
    "pins": [
      {
        "package": "SimplenoteFoundation",
        "repositoryURL": "https://github.com/Automattic/SimplenoteFoundation-Swift",
        "state": {
          "branch": "issue/range-extensions",
          "revision": "ad87f9be8b156ce3185a985d5b189416c0ec9fde",
          "version": null
        }
      }
    ]
  },
  "version": 1
}
