{
  "object": {
    "pins": [
      {
        "package": "SimplenoteFoundation",
        "repositoryURL": "https://github.com/Automattic/SimplenoteFoundation-Swift",
        "state": {
          "branch": "issue/range-extensions",
          "revision": "d0f6fb53f9d828506744770204ee70745637fba2",
          "version": null
        }
      }
    ]
  },
  "version": 1
}
