{
  "object": {
    "pins": [
      {
        "package": "SimplenoteFoundation",
        "repositoryURL": "https://github.com/Automattic/SimplenoteFoundation-Swift",
        "state": {
          "branch": null,
          "revision": "150e363b46f7c0d479a474c2c0a8d00648bbab97",
          "version": "1.1.0"
        }
      }
    ]
  },
  "version": 1
}
